
Microsoft Visual Studio Solution File, Format Version 12.00
# Visual Studio Version 17
VisualStudioVersion = 17.13.35828.75
MinimumVisualStudioVersion = 10.0.40219.1
Project("{2150E333-8FDC-42A3-9474-1A3956D46DE8}") = "Solution Items", "Solution Items", "{02EA681E-C7D8-13C7-8484-4AC65E1B71E8}"
	ProjectSection(SolutionItems) = preProject
		.editorconfig = .editorconfig
	EndProjectSection
EndProject
Project("{2150E333-8FDC-42A3-9474-1A3956D46DE8}") = "UserManagement", "UserManagement", "{D5D5AED4-F0E0-45D2-8D86-BF8D381D49D9}"
EndProject
Project("{FAE04EC0-301F-11D3-BF4B-00C04F79EFBC}") = "Booksy.UserManagement.Domain", "src\UserManagement\Booksy.UserManagement.Domain\Booksy.UserManagement.Domain.csproj", "{9E483889-FA68-44A8-9C13-8DBB9B101915}"
EndProject
Project("{FAE04EC0-301F-11D3-BF4B-00C04F79EFBC}") = "Booksy.UserManagement.Application", "src\UserManagement\Booksy.UserManagement.Application\Booksy.UserManagement.Application.csproj", "{06403A16-4B3C-4BC9-99E0-A09FC8088E07}"
EndProject
Project("{FAE04EC0-301F-11D3-BF4B-00C04F79EFBC}") = "Booksy.UserManagement.Infrastructure", "src\UserManagement\Booksy.UserManagement.Infrastructure\Booksy.UserManagement.Infrastructure.csproj", "{DF1A1825-56F5-4907-AA19-5091BD66B6D0}"
EndProject
Project("{2150E333-8FDC-42A3-9474-1A3956D46DE8}") = "scripts", "scripts", "{D827BA28-9DA8-471A-8283-50A0B7A8196E}"
	ProjectSection(SolutionItems) = preProject
		init-db.sql = init-db.sql
		migrate.ps1 = migrate.ps1
	EndProjectSection
EndProject
Project("{FAE04EC0-301F-11D3-BF4B-00C04F79EFBC}") = "Booksy.UserManagement.API", "src\UserManagement\Booksy.UserManagement.API\Booksy.UserManagement.API.csproj", "{DD5715CC-87BE-4A47-9D25-695F8F3A761F}"
EndProject
Project("{E53339B2-1760-4266-BCC7-CA923CBCF16C}") = "docker-compose", "docker-compose.dcproj", "{81DDED9D-158B-E303-5F62-77A2896D2A5A}"
EndProject
Project("{2150E333-8FDC-42A3-9474-1A3956D46DE8}") = "Core", "Core", "{5A966B69-B440-4FDD-A5D6-A1F83A5B1C72}"
EndProject
Project("{FAE04EC0-301F-11D3-BF4B-00C04F79EFBC}") = "Booksy.Core.Domain", "src\Core\Booksy.Core.Domain\Booksy.Core.Domain.csproj", "{13CCCF3B-C070-6595-1E05-328E3340D2A5}"
EndProject
Project("{FAE04EC0-301F-11D3-BF4B-00C04F79EFBC}") = "Booksy.Core.Application", "src\Core\Booksy.Core.Application\Booksy.Core.Application.csproj", "{282FB029-7C37-4627-B539-9C15DFF86449}"
EndProject
Project("{2150E333-8FDC-42A3-9474-1A3956D46DE8}") = "BoundedContexts", "BoundedContexts", "{5C969F89-6338-4534-9851-4B3DD9D8DC72}"
EndProject
Project("{2150E333-8FDC-42A3-9474-1A3956D46DE8}") = "Infrastructure", "Infrastructure", "{AC189C61-ED9A-4CE4-BAB9-4D55C0B3050F}"
EndProject
Project("{FAE04EC0-301F-11D3-BF4B-00C04F79EFBC}") = "Booksy.Infrastructure.Core", "src\Infrastructure\Booksy.Infrastructure.Core\Booksy.Infrastructure.Core.csproj", "{494C6CAF-43AD-477E-8843-B708D4294B3E}"
EndProject
Project("{FAE04EC0-301F-11D3-BF4B-00C04F79EFBC}") = "Booksy.Infrastructure.Monitoring", "src\Infrastructure\Booksy.Infrastructure.Monitoring\Booksy.Infrastructure.Monitoring.csproj", "{16AABCBA-FF20-4515-AC6E-ABBB4D838D2B}"
EndProject
Project("{FAE04EC0-301F-11D3-BF4B-00C04F79EFBC}") = "Booksy.Infrastructure.Security", "src\Infrastructure\Booksy.Infrastructure.Security\Booksy.Infrastructure.Security.csproj", "{14BDFC85-AF35-49C2-9FC8-C1FD40E41651}"
EndProject
Project("{FAE04EC0-301F-11D3-BF4B-00C04F79EFBC}") = "Booksy.Infrastructure.External", "src\Infrastructure\Booksy.Infrastructure.External\Booksy.Infrastructure.External.csproj", "{3406F7BC-21CB-4A06-BF58-BB8C52194D62}"
EndProject
Project("{2150E333-8FDC-42A3-9474-1A3956D46DE8}") = "Configuration", "Configuration", "{DF722295-6346-43DE-B350-B1747B320231}"
EndProject
Project("{FAE04EC0-301F-11D3-BF4B-00C04F79EFBC}") = "Booksy.Configuration", "src\Configuration\Booksy.Configuration\Booksy.Configuration.csproj", "{E54A79EA-A13D-0525-E2C9-C5E2AC6B1EF6}"
EndProject
Project("{FAE04EC0-301F-11D3-BF4B-00C04F79EFBC}") = "Booksy.Configuration.KeyVault", "src\Configuration\Booksy.Configuration.KeyVault\Booksy.Configuration.KeyVault.csproj", "{8522AF4C-45AC-592B-4882-DCB08837AC35}"
EndProject
Project("{2150E333-8FDC-42A3-9474-1A3956D46DE8}") = "APIGateway", "APIGateway", "{FCA01246-F2C6-0AA7-D43F-FD13BE0B9D88}"
EndProject
Project("{FAE04EC0-301F-11D3-BF4B-00C04F79EFBC}") = "Booksy.Gateway", "src\APIGateway\Booksy.Gateway\Booksy.Gateway.csproj", "{740FA350-CC04-49F7-AC67-BF6DB0879AFA}"
EndProject
Project("{2150E333-8FDC-42A3-9474-1A3956D46DE8}") = "tests", "tests", "{0AB3BF05-4346-4AA6-1389-037BE0695223}"
EndProject
Project("{2150E333-8FDC-42A3-9474-1A3956D46DE8}") = "UnitTests", "UnitTests", "{394A81D9-3C45-9818-BB26-23F2B85056FF}"
EndProject
Project("{FAE04EC0-301F-11D3-BF4B-00C04F79EFBC}") = "Booksy.Core.Domain.Tests", "tests\UnitTests\Booksy.Core.Domain.Tests\Booksy.Core.Domain.Tests.csproj", "{F961C69D-A7DC-457F-A33A-3FC6FD73C5DF}"
EndProject
Project("{FAE04EC0-301F-11D3-BF4B-00C04F79EFBC}") = "Booksy.Core.Application.Tests", "tests\UnitTests\Booksy.Core.Application.Tests\Booksy.Core.Application.Tests.csproj", "{5F36AB97-8040-4715-B20D-6103A84C1B29}"
EndProject
Project("{FAE04EC0-301F-11D3-BF4B-00C04F79EFBC}") = "Booksy.UserManagement.Domain.Tests", "tests\UnitTests\Booksy.UserManagement.Domain.Tests\Booksy.UserManagement.Domain.Tests.csproj", "{0A14ABB1-78C0-479B-B217-E04DAB8C185F}"
EndProject
Project("{FAE04EC0-301F-11D3-BF4B-00C04F79EFBC}") = "Booksy.UserManagement.Application.Tests", "tests\UnitTests\Booksy.UserManagement.Application.Tests\Booksy.UserManagement.Application.Tests.csproj", "{587930FD-F6A3-4AA2-9071-3805C0FA0F34}"
EndProject
Project("{FAE04EC0-301F-11D3-BF4B-00C04F79EFBC}") = "Booksy.Booking.Domain.Tests", "tests\UnitTests\Booksy.Booking.Domain.Tests\Booksy.Booking.Domain.Tests.csproj", "{E3BE22FF-C5C4-4A96-A466-660BAE5DA11D}"
EndProject
Project("{FAE04EC0-301F-11D3-BF4B-00C04F79EFBC}") = "Booksy.Booking.Application.Tests", "tests\UnitTests\Booksy.Booking.Application.Tests\Booksy.Booking.Application.Tests.csproj", "{53DA8633-275D-4C96-BF7A-02D1B7CD02AF}"
EndProject
Project("{2150E333-8FDC-42A3-9474-1A3956D46DE8}") = "IntegrationTests", "IntegrationTests", "{30785934-E017-5D9F-2777-3D61460A5281}"
EndProject
Project("{FAE04EC0-301F-11D3-BF4B-00C04F79EFBC}") = "Booksy.UserManagement.IntegrationTests", "tests\IntegrationTests\Booksy.UserManagement.IntegrationTests\Booksy.UserManagement.IntegrationTests.csproj", "{E4CFA8E9-9285-42BB-A98C-9DCDD83AD51D}"
EndProject
Project("{FAE04EC0-301F-11D3-BF4B-00C04F79EFBC}") = "Booksy.Booking.IntegrationTests", "tests\IntegrationTests\Booksy.Booking.IntegrationTests\Booksy.Booking.IntegrationTests.csproj", "{6628E74D-3D09-425D-BF0B-4CE046B884BE}"
EndProject
Project("{2150E333-8FDC-42A3-9474-1A3956D46DE8}") = "ArchitectureTests", "ArchitectureTests", "{8AD23086-AE11-148E-B2B6-9F0F94287E0D}"
EndProject
Project("{FAE04EC0-301F-11D3-BF4B-00C04F79EFBC}") = "Booksy.ArchitectureTests", "tests\ArchitectureTests\Booksy.ArchitectureTests\Booksy.ArchitectureTests.csproj", "{92BF9D98-C45D-4845-8D6A-24FFCB6A5442}"
EndProject
Global
	GlobalSection(SolutionConfigurationPlatforms) = preSolution
		Debug|Any CPU = Debug|Any CPU
		Debug|x64 = Debug|x64
		Debug|x86 = Debug|x86
		Release|Any CPU = Release|Any CPU
		Release|x64 = Release|x64
		Release|x86 = Release|x86
	EndGlobalSection
	GlobalSection(ProjectConfigurationPlatforms) = postSolution
		{9E483889-FA68-44A8-9C13-8DBB9B101915}.Debug|Any CPU.ActiveCfg = Debug|Any CPU
		{9E483889-FA68-44A8-9C13-8DBB9B101915}.Debug|Any CPU.Build.0 = Debug|Any CPU
		{9E483889-FA68-44A8-9C13-8DBB9B101915}.Debug|x64.ActiveCfg = Debug|Any CPU
		{9E483889-FA68-44A8-9C13-8DBB9B101915}.Debug|x64.Build.0 = Debug|Any CPU
		{9E483889-FA68-44A8-9C13-8DBB9B101915}.Debug|x86.ActiveCfg = Debug|Any CPU
		{9E483889-FA68-44A8-9C13-8DBB9B101915}.Debug|x86.Build.0 = Debug|Any CPU
		{9E483889-FA68-44A8-9C13-8DBB9B101915}.Release|Any CPU.ActiveCfg = Release|Any CPU
		{9E483889-FA68-44A8-9C13-8DBB9B101915}.Release|Any CPU.Build.0 = Release|Any CPU
		{9E483889-FA68-44A8-9C13-8DBB9B101915}.Release|x64.ActiveCfg = Release|Any CPU
		{9E483889-FA68-44A8-9C13-8DBB9B101915}.Release|x64.Build.0 = Release|Any CPU
		{9E483889-FA68-44A8-9C13-8DBB9B101915}.Release|x86.ActiveCfg = Release|Any CPU
		{9E483889-FA68-44A8-9C13-8DBB9B101915}.Release|x86.Build.0 = Release|Any CPU
		{06403A16-4B3C-4BC9-99E0-A09FC8088E07}.Debug|Any CPU.ActiveCfg = Debug|Any CPU
		{06403A16-4B3C-4BC9-99E0-A09FC8088E07}.Debug|Any CPU.Build.0 = Debug|Any CPU
		{06403A16-4B3C-4BC9-99E0-A09FC8088E07}.Debug|x64.ActiveCfg = Debug|Any CPU
		{06403A16-4B3C-4BC9-99E0-A09FC8088E07}.Debug|x64.Build.0 = Debug|Any CPU
		{06403A16-4B3C-4BC9-99E0-A09FC8088E07}.Debug|x86.ActiveCfg = Debug|Any CPU
		{06403A16-4B3C-4BC9-99E0-A09FC8088E07}.Debug|x86.Build.0 = Debug|Any CPU
		{06403A16-4B3C-4BC9-99E0-A09FC8088E07}.Release|Any CPU.ActiveCfg = Release|Any CPU
		{06403A16-4B3C-4BC9-99E0-A09FC8088E07}.Release|Any CPU.Build.0 = Release|Any CPU
		{06403A16-4B3C-4BC9-99E0-A09FC8088E07}.Release|x64.ActiveCfg = Release|Any CPU
		{06403A16-4B3C-4BC9-99E0-A09FC8088E07}.Release|x64.Build.0 = Release|Any CPU
		{06403A16-4B3C-4BC9-99E0-A09FC8088E07}.Release|x86.ActiveCfg = Release|Any CPU
		{06403A16-4B3C-4BC9-99E0-A09FC8088E07}.Release|x86.Build.0 = Release|Any CPU
		{DF1A1825-56F5-4907-AA19-5091BD66B6D0}.Debug|Any CPU.ActiveCfg = Debug|Any CPU
		{DF1A1825-56F5-4907-AA19-5091BD66B6D0}.Debug|Any CPU.Build.0 = Debug|Any CPU
		{DF1A1825-56F5-4907-AA19-5091BD66B6D0}.Debug|x64.ActiveCfg = Debug|Any CPU
		{DF1A1825-56F5-4907-AA19-5091BD66B6D0}.Debug|x64.Build.0 = Debug|Any CPU
		{DF1A1825-56F5-4907-AA19-5091BD66B6D0}.Debug|x86.ActiveCfg = Debug|Any CPU
		{DF1A1825-56F5-4907-AA19-5091BD66B6D0}.Debug|x86.Build.0 = Debug|Any CPU
		{DF1A1825-56F5-4907-AA19-5091BD66B6D0}.Release|Any CPU.ActiveCfg = Release|Any CPU
		{DF1A1825-56F5-4907-AA19-5091BD66B6D0}.Release|Any CPU.Build.0 = Release|Any CPU
		{DF1A1825-56F5-4907-AA19-5091BD66B6D0}.Release|x64.ActiveCfg = Release|Any CPU
		{DF1A1825-56F5-4907-AA19-5091BD66B6D0}.Release|x64.Build.0 = Release|Any CPU
		{DF1A1825-56F5-4907-AA19-5091BD66B6D0}.Release|x86.ActiveCfg = Release|Any CPU
		{DF1A1825-56F5-4907-AA19-5091BD66B6D0}.Release|x86.Build.0 = Release|Any CPU
		{DD5715CC-87BE-4A47-9D25-695F8F3A761F}.Debug|Any CPU.ActiveCfg = Debug|Any CPU
		{DD5715CC-87BE-4A47-9D25-695F8F3A761F}.Debug|Any CPU.Build.0 = Debug|Any CPU
		{DD5715CC-87BE-4A47-9D25-695F8F3A761F}.Debug|x64.ActiveCfg = Debug|Any CPU
		{DD5715CC-87BE-4A47-9D25-695F8F3A761F}.Debug|x64.Build.0 = Debug|Any CPU
		{DD5715CC-87BE-4A47-9D25-695F8F3A761F}.Debug|x86.ActiveCfg = Debug|Any CPU
		{DD5715CC-87BE-4A47-9D25-695F8F3A761F}.Debug|x86.Build.0 = Debug|Any CPU
		{DD5715CC-87BE-4A47-9D25-695F8F3A761F}.Release|Any CPU.ActiveCfg = Release|Any CPU
		{DD5715CC-87BE-4A47-9D25-695F8F3A761F}.Release|Any CPU.Build.0 = Release|Any CPU
		{DD5715CC-87BE-4A47-9D25-695F8F3A761F}.Release|x64.ActiveCfg = Release|Any CPU
		{DD5715CC-87BE-4A47-9D25-695F8F3A761F}.Release|x64.Build.0 = Release|Any CPU
		{DD5715CC-87BE-4A47-9D25-695F8F3A761F}.Release|x86.ActiveCfg = Release|Any CPU
		{DD5715CC-87BE-4A47-9D25-695F8F3A761F}.Release|x86.Build.0 = Release|Any CPU
		{81DDED9D-158B-E303-5F62-77A2896D2A5A}.Debug|Any CPU.ActiveCfg = Debug|Any CPU
		{81DDED9D-158B-E303-5F62-77A2896D2A5A}.Debug|Any CPU.Build.0 = Debug|Any CPU
		{81DDED9D-158B-E303-5F62-77A2896D2A5A}.Debug|x64.ActiveCfg = Debug|x64
		{81DDED9D-158B-E303-5F62-77A2896D2A5A}.Debug|x86.ActiveCfg = Debug|x86
		{81DDED9D-158B-E303-5F62-77A2896D2A5A}.Release|Any CPU.ActiveCfg = Release|Any CPU
		{81DDED9D-158B-E303-5F62-77A2896D2A5A}.Release|Any CPU.Build.0 = Release|Any CPU
		{81DDED9D-158B-E303-5F62-77A2896D2A5A}.Release|x64.ActiveCfg = Release|x64
		{81DDED9D-158B-E303-5F62-77A2896D2A5A}.Release|x86.ActiveCfg = Release|x86
		{13CCCF3B-C070-6595-1E05-328E3340D2A5}.Debug|Any CPU.ActiveCfg = Debug|Any CPU
		{13CCCF3B-C070-6595-1E05-328E3340D2A5}.Debug|Any CPU.Build.0 = Debug|Any CPU
		{13CCCF3B-C070-6595-1E05-328E3340D2A5}.Debug|x64.ActiveCfg = Debug|Any CPU
		{13CCCF3B-C070-6595-1E05-328E3340D2A5}.Debug|x64.Build.0 = Debug|Any CPU
		{13CCCF3B-C070-6595-1E05-328E3340D2A5}.Debug|x86.ActiveCfg = Debug|Any CPU
		{13CCCF3B-C070-6595-1E05-328E3340D2A5}.Debug|x86.Build.0 = Debug|Any CPU
		{13CCCF3B-C070-6595-1E05-328E3340D2A5}.Release|Any CPU.ActiveCfg = Release|Any CPU
		{13CCCF3B-C070-6595-1E05-328E3340D2A5}.Release|Any CPU.Build.0 = Release|Any CPU
		{13CCCF3B-C070-6595-1E05-328E3340D2A5}.Release|x64.ActiveCfg = Release|Any CPU
		{13CCCF3B-C070-6595-1E05-328E3340D2A5}.Release|x64.Build.0 = Release|Any CPU
		{13CCCF3B-C070-6595-1E05-328E3340D2A5}.Release|x86.ActiveCfg = Release|Any CPU
		{13CCCF3B-C070-6595-1E05-328E3340D2A5}.Release|x86.Build.0 = Release|Any CPU
		{282FB029-7C37-4627-B539-9C15DFF86449}.Debug|Any CPU.ActiveCfg = Debug|Any CPU
		{282FB029-7C37-4627-B539-9C15DFF86449}.Debug|Any CPU.Build.0 = Debug|Any CPU
		{282FB029-7C37-4627-B539-9C15DFF86449}.Debug|x64.ActiveCfg = Debug|Any CPU
		{282FB029-7C37-4627-B539-9C15DFF86449}.Debug|x64.Build.0 = Debug|Any CPU
		{282FB029-7C37-4627-B539-9C15DFF86449}.Debug|x86.ActiveCfg = Debug|Any CPU
		{282FB029-7C37-4627-B539-9C15DFF86449}.Debug|x86.Build.0 = Debug|Any CPU
		{282FB029-7C37-4627-B539-9C15DFF86449}.Release|Any CPU.ActiveCfg = Release|Any CPU
		{282FB029-7C37-4627-B539-9C15DFF86449}.Release|Any CPU.Build.0 = Release|Any CPU
		{282FB029-7C37-4627-B539-9C15DFF86449}.Release|x64.ActiveCfg = Release|Any CPU
		{282FB029-7C37-4627-B539-9C15DFF86449}.Release|x64.Build.0 = Release|Any CPU
		{282FB029-7C37-4627-B539-9C15DFF86449}.Release|x86.ActiveCfg = Release|Any CPU
		{282FB029-7C37-4627-B539-9C15DFF86449}.Release|x86.Build.0 = Release|Any CPU
		{494C6CAF-43AD-477E-8843-B708D4294B3E}.Debug|Any CPU.ActiveCfg = Debug|Any CPU
		{494C6CAF-43AD-477E-8843-B708D4294B3E}.Debug|Any CPU.Build.0 = Debug|Any CPU
		{494C6CAF-43AD-477E-8843-B708D4294B3E}.Debug|x64.ActiveCfg = Debug|Any CPU
		{494C6CAF-43AD-477E-8843-B708D4294B3E}.Debug|x64.Build.0 = Debug|Any CPU
		{494C6CAF-43AD-477E-8843-B708D4294B3E}.Debug|x86.ActiveCfg = Debug|Any CPU
		{494C6CAF-43AD-477E-8843-B708D4294B3E}.Debug|x86.Build.0 = Debug|Any CPU
		{494C6CAF-43AD-477E-8843-B708D4294B3E}.Release|Any CPU.ActiveCfg = Release|Any CPU
		{494C6CAF-43AD-477E-8843-B708D4294B3E}.Release|Any CPU.Build.0 = Release|Any CPU
		{494C6CAF-43AD-477E-8843-B708D4294B3E}.Release|x64.ActiveCfg = Release|Any CPU
		{494C6CAF-43AD-477E-8843-B708D4294B3E}.Release|x64.Build.0 = Release|Any CPU
		{494C6CAF-43AD-477E-8843-B708D4294B3E}.Release|x86.ActiveCfg = Release|Any CPU
		{494C6CAF-43AD-477E-8843-B708D4294B3E}.Release|x86.Build.0 = Release|Any CPU
		{16AABCBA-FF20-4515-AC6E-ABBB4D838D2B}.Debug|Any CPU.ActiveCfg = Debug|Any CPU
		{16AABCBA-FF20-4515-AC6E-ABBB4D838D2B}.Debug|Any CPU.Build.0 = Debug|Any CPU
		{16AABCBA-FF20-4515-AC6E-ABBB4D838D2B}.Debug|x64.ActiveCfg = Debug|Any CPU
		{16AABCBA-FF20-4515-AC6E-ABBB4D838D2B}.Debug|x64.Build.0 = Debug|Any CPU
		{16AABCBA-FF20-4515-AC6E-ABBB4D838D2B}.Debug|x86.ActiveCfg = Debug|Any CPU
		{16AABCBA-FF20-4515-AC6E-ABBB4D838D2B}.Debug|x86.Build.0 = Debug|Any CPU
		{16AABCBA-FF20-4515-AC6E-ABBB4D838D2B}.Release|Any CPU.ActiveCfg = Release|Any CPU
		{16AABCBA-FF20-4515-AC6E-ABBB4D838D2B}.Release|Any CPU.Build.0 = Release|Any CPU
		{16AABCBA-FF20-4515-AC6E-ABBB4D838D2B}.Release|x64.ActiveCfg = Release|Any CPU
		{16AABCBA-FF20-4515-AC6E-ABBB4D838D2B}.Release|x64.Build.0 = Release|Any CPU
		{16AABCBA-FF20-4515-AC6E-ABBB4D838D2B}.Release|x86.ActiveCfg = Release|Any CPU
		{16AABCBA-FF20-4515-AC6E-ABBB4D838D2B}.Release|x86.Build.0 = Release|Any CPU
		{14BDFC85-AF35-49C2-9FC8-C1FD40E41651}.Debug|Any CPU.ActiveCfg = Debug|Any CPU
		{14BDFC85-AF35-49C2-9FC8-C1FD40E41651}.Debug|Any CPU.Build.0 = Debug|Any CPU
		{14BDFC85-AF35-49C2-9FC8-C1FD40E41651}.Debug|x64.ActiveCfg = Debug|Any CPU
		{14BDFC85-AF35-49C2-9FC8-C1FD40E41651}.Debug|x64.Build.0 = Debug|Any CPU
		{14BDFC85-AF35-49C2-9FC8-C1FD40E41651}.Debug|x86.ActiveCfg = Debug|Any CPU
		{14BDFC85-AF35-49C2-9FC8-C1FD40E41651}.Debug|x86.Build.0 = Debug|Any CPU
		{14BDFC85-AF35-49C2-9FC8-C1FD40E41651}.Release|Any CPU.ActiveCfg = Release|Any CPU
		{14BDFC85-AF35-49C2-9FC8-C1FD40E41651}.Release|Any CPU.Build.0 = Release|Any CPU
		{14BDFC85-AF35-49C2-9FC8-C1FD40E41651}.Release|x64.ActiveCfg = Release|Any CPU
		{14BDFC85-AF35-49C2-9FC8-C1FD40E41651}.Release|x64.Build.0 = Release|Any CPU
		{14BDFC85-AF35-49C2-9FC8-C1FD40E41651}.Release|x86.ActiveCfg = Release|Any CPU
		{14BDFC85-AF35-49C2-9FC8-C1FD40E41651}.Release|x86.Build.0 = Release|Any CPU
		{3406F7BC-21CB-4A06-BF58-BB8C52194D62}.Debug|Any CPU.ActiveCfg = Debug|Any CPU
		{3406F7BC-21CB-4A06-BF58-BB8C52194D62}.Debug|Any CPU.Build.0 = Debug|Any CPU
		{3406F7BC-21CB-4A06-BF58-BB8C52194D62}.Debug|x64.ActiveCfg = Debug|Any CPU
		{3406F7BC-21CB-4A06-BF58-BB8C52194D62}.Debug|x64.Build.0 = Debug|Any CPU
		{3406F7BC-21CB-4A06-BF58-BB8C52194D62}.Debug|x86.ActiveCfg = Debug|Any CPU
		{3406F7BC-21CB-4A06-BF58-BB8C52194D62}.Debug|x86.Build.0 = Debug|Any CPU
		{3406F7BC-21CB-4A06-BF58-BB8C52194D62}.Release|Any CPU.ActiveCfg = Release|Any CPU
		{3406F7BC-21CB-4A06-BF58-BB8C52194D62}.Release|Any CPU.Build.0 = Release|Any CPU
		{3406F7BC-21CB-4A06-BF58-BB8C52194D62}.Release|x64.ActiveCfg = Release|Any CPU
		{3406F7BC-21CB-4A06-BF58-BB8C52194D62}.Release|x64.Build.0 = Release|Any CPU
		{3406F7BC-21CB-4A06-BF58-BB8C52194D62}.Release|x86.ActiveCfg = Release|Any CPU
		{3406F7BC-21CB-4A06-BF58-BB8C52194D62}.Release|x86.Build.0 = Release|Any CPU
		{E54A79EA-A13D-0525-E2C9-C5E2AC6B1EF6}.Debug|Any CPU.ActiveCfg = Debug|Any CPU
		{E54A79EA-A13D-0525-E2C9-C5E2AC6B1EF6}.Debug|Any CPU.Build.0 = Debug|Any CPU
		{E54A79EA-A13D-0525-E2C9-C5E2AC6B1EF6}.Debug|x64.ActiveCfg = Debug|Any CPU
		{E54A79EA-A13D-0525-E2C9-C5E2AC6B1EF6}.Debug|x64.Build.0 = Debug|Any CPU
		{E54A79EA-A13D-0525-E2C9-C5E2AC6B1EF6}.Debug|x86.ActiveCfg = Debug|Any CPU
		{E54A79EA-A13D-0525-E2C9-C5E2AC6B1EF6}.Debug|x86.Build.0 = Debug|Any CPU
		{E54A79EA-A13D-0525-E2C9-C5E2AC6B1EF6}.Release|Any CPU.ActiveCfg = Release|Any CPU
		{E54A79EA-A13D-0525-E2C9-C5E2AC6B1EF6}.Release|Any CPU.Build.0 = Release|Any CPU
		{E54A79EA-A13D-0525-E2C9-C5E2AC6B1EF6}.Release|x64.ActiveCfg = Release|Any CPU
		{E54A79EA-A13D-0525-E2C9-C5E2AC6B1EF6}.Release|x64.Build.0 = Release|Any CPU
		{E54A79EA-A13D-0525-E2C9-C5E2AC6B1EF6}.Release|x86.ActiveCfg = Release|Any CPU
		{E54A79EA-A13D-0525-E2C9-C5E2AC6B1EF6}.Release|x86.Build.0 = Release|Any CPU
		{8522AF4C-45AC-592B-4882-DCB08837AC35}.Debug|Any CPU.ActiveCfg = Debug|Any CPU
		{8522AF4C-45AC-592B-4882-DCB08837AC35}.Debug|Any CPU.Build.0 = Debug|Any CPU
		{8522AF4C-45AC-592B-4882-DCB08837AC35}.Debug|x64.ActiveCfg = Debug|Any CPU
		{8522AF4C-45AC-592B-4882-DCB08837AC35}.Debug|x64.Build.0 = Debug|Any CPU
		{8522AF4C-45AC-592B-4882-DCB08837AC35}.Debug|x86.ActiveCfg = Debug|Any CPU
		{8522AF4C-45AC-592B-4882-DCB08837AC35}.Debug|x86.Build.0 = Debug|Any CPU
		{8522AF4C-45AC-592B-4882-DCB08837AC35}.Release|Any CPU.ActiveCfg = Release|Any CPU
		{8522AF4C-45AC-592B-4882-DCB08837AC35}.Release|Any CPU.Build.0 = Release|Any CPU
		{8522AF4C-45AC-592B-4882-DCB08837AC35}.Release|x64.ActiveCfg = Release|Any CPU
		{8522AF4C-45AC-592B-4882-DCB08837AC35}.Release|x64.Build.0 = Release|Any CPU
		{8522AF4C-45AC-592B-4882-DCB08837AC35}.Release|x86.ActiveCfg = Release|Any CPU
		{8522AF4C-45AC-592B-4882-DCB08837AC35}.Release|x86.Build.0 = Release|Any CPU
		{740FA350-CC04-49F7-AC67-BF6DB0879AFA}.Debug|Any CPU.ActiveCfg = Debug|Any CPU
		{740FA350-CC04-49F7-AC67-BF6DB0879AFA}.Debug|Any CPU.Build.0 = Debug|Any CPU
		{740FA350-CC04-49F7-AC67-BF6DB0879AFA}.Debug|x64.ActiveCfg = Debug|Any CPU
		{740FA350-CC04-49F7-AC67-BF6DB0879AFA}.Debug|x64.Build.0 = Debug|Any CPU
		{740FA350-CC04-49F7-AC67-BF6DB0879AFA}.Debug|x86.ActiveCfg = Debug|Any CPU
		{740FA350-CC04-49F7-AC67-BF6DB0879AFA}.Debug|x86.Build.0 = Debug|Any CPU
		{740FA350-CC04-49F7-AC67-BF6DB0879AFA}.Release|Any CPU.ActiveCfg = Release|Any CPU
		{740FA350-CC04-49F7-AC67-BF6DB0879AFA}.Release|Any CPU.Build.0 = Release|Any CPU
		{740FA350-CC04-49F7-AC67-BF6DB0879AFA}.Release|x64.ActiveCfg = Release|Any CPU
		{740FA350-CC04-49F7-AC67-BF6DB0879AFA}.Release|x64.Build.0 = Release|Any CPU
		{740FA350-CC04-49F7-AC67-BF6DB0879AFA}.Release|x86.ActiveCfg = Release|Any CPU
		{740FA350-CC04-49F7-AC67-BF6DB0879AFA}.Release|x86.Build.0 = Release|Any CPU
		{F961C69D-A7DC-457F-A33A-3FC6FD73C5DF}.Debug|Any CPU.ActiveCfg = Debug|Any CPU
		{F961C69D-A7DC-457F-A33A-3FC6FD73C5DF}.Debug|Any CPU.Build.0 = Debug|Any CPU
		{F961C69D-A7DC-457F-A33A-3FC6FD73C5DF}.Debug|x64.ActiveCfg = Debug|Any CPU
		{F961C69D-A7DC-457F-A33A-3FC6FD73C5DF}.Debug|x64.Build.0 = Debug|Any CPU
		{F961C69D-A7DC-457F-A33A-3FC6FD73C5DF}.Debug|x86.ActiveCfg = Debug|Any CPU
		{F961C69D-A7DC-457F-A33A-3FC6FD73C5DF}.Debug|x86.Build.0 = Debug|Any CPU
		{F961C69D-A7DC-457F-A33A-3FC6FD73C5DF}.Release|Any CPU.ActiveCfg = Release|Any CPU
		{F961C69D-A7DC-457F-A33A-3FC6FD73C5DF}.Release|Any CPU.Build.0 = Release|Any CPU
		{F961C69D-A7DC-457F-A33A-3FC6FD73C5DF}.Release|x64.ActiveCfg = Release|Any CPU
		{F961C69D-A7DC-457F-A33A-3FC6FD73C5DF}.Release|x64.Build.0 = Release|Any CPU
		{F961C69D-A7DC-457F-A33A-3FC6FD73C5DF}.Release|x86.ActiveCfg = Release|Any CPU
		{F961C69D-A7DC-457F-A33A-3FC6FD73C5DF}.Release|x86.Build.0 = Release|Any CPU
		{5F36AB97-8040-4715-B20D-6103A84C1B29}.Debug|Any CPU.ActiveCfg = Debug|Any CPU
		{5F36AB97-8040-4715-B20D-6103A84C1B29}.Debug|Any CPU.Build.0 = Debug|Any CPU
		{5F36AB97-8040-4715-B20D-6103A84C1B29}.Debug|x64.ActiveCfg = Debug|Any CPU
		{5F36AB97-8040-4715-B20D-6103A84C1B29}.Debug|x64.Build.0 = Debug|Any CPU
		{5F36AB97-8040-4715-B20D-6103A84C1B29}.Debug|x86.ActiveCfg = Debug|Any CPU
		{5F36AB97-8040-4715-B20D-6103A84C1B29}.Debug|x86.Build.0 = Debug|Any CPU
		{5F36AB97-8040-4715-B20D-6103A84C1B29}.Release|Any CPU.ActiveCfg = Release|Any CPU
		{5F36AB97-8040-4715-B20D-6103A84C1B29}.Release|Any CPU.Build.0 = Release|Any CPU
		{5F36AB97-8040-4715-B20D-6103A84C1B29}.Release|x64.ActiveCfg = Release|Any CPU
		{5F36AB97-8040-4715-B20D-6103A84C1B29}.Release|x64.Build.0 = Release|Any CPU
		{5F36AB97-8040-4715-B20D-6103A84C1B29}.Release|x86.ActiveCfg = Release|Any CPU
		{5F36AB97-8040-4715-B20D-6103A84C1B29}.Release|x86.Build.0 = Release|Any CPU
		{0A14ABB1-78C0-479B-B217-E04DAB8C185F}.Debug|Any CPU.ActiveCfg = Debug|Any CPU
		{0A14ABB1-78C0-479B-B217-E04DAB8C185F}.Debug|Any CPU.Build.0 = Debug|Any CPU
		{0A14ABB1-78C0-479B-B217-E04DAB8C185F}.Debug|x64.ActiveCfg = Debug|Any CPU
		{0A14ABB1-78C0-479B-B217-E04DAB8C185F}.Debug|x64.Build.0 = Debug|Any CPU
		{0A14ABB1-78C0-479B-B217-E04DAB8C185F}.Debug|x86.ActiveCfg = Debug|Any CPU
		{0A14ABB1-78C0-479B-B217-E04DAB8C185F}.Debug|x86.Build.0 = Debug|Any CPU
		{0A14ABB1-78C0-479B-B217-E04DAB8C185F}.Release|Any CPU.ActiveCfg = Release|Any CPU
		{0A14ABB1-78C0-479B-B217-E04DAB8C185F}.Release|Any CPU.Build.0 = Release|Any CPU
		{0A14ABB1-78C0-479B-B217-E04DAB8C185F}.Release|x64.ActiveCfg = Release|Any CPU
		{0A14ABB1-78C0-479B-B217-E04DAB8C185F}.Release|x64.Build.0 = Release|Any CPU
		{0A14ABB1-78C0-479B-B217-E04DAB8C185F}.Release|x86.ActiveCfg = Release|Any CPU
		{0A14ABB1-78C0-479B-B217-E04DAB8C185F}.Release|x86.Build.0 = Release|Any CPU
		{587930FD-F6A3-4AA2-9071-3805C0FA0F34}.Debug|Any CPU.ActiveCfg = Debug|Any CPU
		{587930FD-F6A3-4AA2-9071-3805C0FA0F34}.Debug|Any CPU.Build.0 = Debug|Any CPU
		{587930FD-F6A3-4AA2-9071-3805C0FA0F34}.Debug|x64.ActiveCfg = Debug|Any CPU
		{587930FD-F6A3-4AA2-9071-3805C0FA0F34}.Debug|x64.Build.0 = Debug|Any CPU
		{587930FD-F6A3-4AA2-9071-3805C0FA0F34}.Debug|x86.ActiveCfg = Debug|Any CPU
		{587930FD-F6A3-4AA2-9071-3805C0FA0F34}.Debug|x86.Build.0 = Debug|Any CPU
		{587930FD-F6A3-4AA2-9071-3805C0FA0F34}.Release|Any CPU.ActiveCfg = Release|Any CPU
		{587930FD-F6A3-4AA2-9071-3805C0FA0F34}.Release|Any CPU.Build.0 = Release|Any CPU
		{587930FD-F6A3-4AA2-9071-3805C0FA0F34}.Release|x64.ActiveCfg = Release|Any CPU
		{587930FD-F6A3-4AA2-9071-3805C0FA0F34}.Release|x64.Build.0 = Release|Any CPU
		{587930FD-F6A3-4AA2-9071-3805C0FA0F34}.Release|x86.ActiveCfg = Release|Any CPU
		{587930FD-F6A3-4AA2-9071-3805C0FA0F34}.Release|x86.Build.0 = Release|Any CPU
		{E3BE22FF-C5C4-4A96-A466-660BAE5DA11D}.Debug|Any CPU.ActiveCfg = Debug|Any CPU
		{E3BE22FF-C5C4-4A96-A466-660BAE5DA11D}.Debug|Any CPU.Build.0 = Debug|Any CPU
		{E3BE22FF-C5C4-4A96-A466-660BAE5DA11D}.Debug|x64.ActiveCfg = Debug|Any CPU
		{E3BE22FF-C5C4-4A96-A466-660BAE5DA11D}.Debug|x64.Build.0 = Debug|Any CPU
		{E3BE22FF-C5C4-4A96-A466-660BAE5DA11D}.Debug|x86.ActiveCfg = Debug|Any CPU
		{E3BE22FF-C5C4-4A96-A466-660BAE5DA11D}.Debug|x86.Build.0 = Debug|Any CPU
		{E3BE22FF-C5C4-4A96-A466-660BAE5DA11D}.Release|Any CPU.ActiveCfg = Release|Any CPU
		{E3BE22FF-C5C4-4A96-A466-660BAE5DA11D}.Release|Any CPU.Build.0 = Release|Any CPU
		{E3BE22FF-C5C4-4A96-A466-660BAE5DA11D}.Release|x64.ActiveCfg = Release|Any CPU
		{E3BE22FF-C5C4-4A96-A466-660BAE5DA11D}.Release|x64.Build.0 = Release|Any CPU
		{E3BE22FF-C5C4-4A96-A466-660BAE5DA11D}.Release|x86.ActiveCfg = Release|Any CPU
		{E3BE22FF-C5C4-4A96-A466-660BAE5DA11D}.Release|x86.Build.0 = Release|Any CPU
		{53DA8633-275D-4C96-BF7A-02D1B7CD02AF}.Debug|Any CPU.ActiveCfg = Debug|Any CPU
		{53DA8633-275D-4C96-BF7A-02D1B7CD02AF}.Debug|Any CPU.Build.0 = Debug|Any CPU
		{53DA8633-275D-4C96-BF7A-02D1B7CD02AF}.Debug|x64.ActiveCfg = Debug|Any CPU
		{53DA8633-275D-4C96-BF7A-02D1B7CD02AF}.Debug|x64.Build.0 = Debug|Any CPU
		{53DA8633-275D-4C96-BF7A-02D1B7CD02AF}.Debug|x86.ActiveCfg = Debug|Any CPU
		{53DA8633-275D-4C96-BF7A-02D1B7CD02AF}.Debug|x86.Build.0 = Debug|Any CPU
		{53DA8633-275D-4C96-BF7A-02D1B7CD02AF}.Release|Any CPU.ActiveCfg = Release|Any CPU
		{53DA8633-275D-4C96-BF7A-02D1B7CD02AF}.Release|Any CPU.Build.0 = Release|Any CPU
		{53DA8633-275D-4C96-BF7A-02D1B7CD02AF}.Release|x64.ActiveCfg = Release|Any CPU
		{53DA8633-275D-4C96-BF7A-02D1B7CD02AF}.Release|x64.Build.0 = Release|Any CPU
		{53DA8633-275D-4C96-BF7A-02D1B7CD02AF}.Release|x86.ActiveCfg = Release|Any CPU
		{53DA8633-275D-4C96-BF7A-02D1B7CD02AF}.Release|x86.Build.0 = Release|Any CPU
		{E4CFA8E9-9285-42BB-A98C-9DCDD83AD51D}.Debug|Any CPU.ActiveCfg = Debug|Any CPU
		{E4CFA8E9-9285-42BB-A98C-9DCDD83AD51D}.Debug|Any CPU.Build.0 = Debug|Any CPU
		{E4CFA8E9-9285-42BB-A98C-9DCDD83AD51D}.Debug|x64.ActiveCfg = Debug|Any CPU
		{E4CFA8E9-9285-42BB-A98C-9DCDD83AD51D}.Debug|x64.Build.0 = Debug|Any CPU
		{E4CFA8E9-9285-42BB-A98C-9DCDD83AD51D}.Debug|x86.ActiveCfg = Debug|Any CPU
		{E4CFA8E9-9285-42BB-A98C-9DCDD83AD51D}.Debug|x86.Build.0 = Debug|Any CPU
		{E4CFA8E9-9285-42BB-A98C-9DCDD83AD51D}.Release|Any CPU.ActiveCfg = Release|Any CPU
		{E4CFA8E9-9285-42BB-A98C-9DCDD83AD51D}.Release|Any CPU.Build.0 = Release|Any CPU
		{E4CFA8E9-9285-42BB-A98C-9DCDD83AD51D}.Release|x64.ActiveCfg = Release|Any CPU
		{E4CFA8E9-9285-42BB-A98C-9DCDD83AD51D}.Release|x64.Build.0 = Release|Any CPU
		{E4CFA8E9-9285-42BB-A98C-9DCDD83AD51D}.Release|x86.ActiveCfg = Release|Any CPU
		{E4CFA8E9-9285-42BB-A98C-9DCDD83AD51D}.Release|x86.Build.0 = Release|Any CPU
		{6628E74D-3D09-425D-BF0B-4CE046B884BE}.Debug|Any CPU.ActiveCfg = Debug|Any CPU
		{6628E74D-3D09-425D-BF0B-4CE046B884BE}.Debug|Any CPU.Build.0 = Debug|Any CPU
		{6628E74D-3D09-425D-BF0B-4CE046B884BE}.Debug|x64.ActiveCfg = Debug|Any CPU
		{6628E74D-3D09-425D-BF0B-4CE046B884BE}.Debug|x64.Build.0 = Debug|Any CPU
		{6628E74D-3D09-425D-BF0B-4CE046B884BE}.Debug|x86.ActiveCfg = Debug|Any CPU
		{6628E74D-3D09-425D-BF0B-4CE046B884BE}.Debug|x86.Build.0 = Debug|Any CPU
		{6628E74D-3D09-425D-BF0B-4CE046B884BE}.Release|Any CPU.ActiveCfg = Release|Any CPU
		{6628E74D-3D09-425D-BF0B-4CE046B884BE}.Release|Any CPU.Build.0 = Release|Any CPU
		{6628E74D-3D09-425D-BF0B-4CE046B884BE}.Release|x64.ActiveCfg = Release|Any CPU
		{6628E74D-3D09-425D-BF0B-4CE046B884BE}.Release|x64.Build.0 = Release|Any CPU
		{6628E74D-3D09-425D-BF0B-4CE046B884BE}.Release|x86.ActiveCfg = Release|Any CPU
		{6628E74D-3D09-425D-BF0B-4CE046B884BE}.Release|x86.Build.0 = Release|Any CPU
		{92BF9D98-C45D-4845-8D6A-24FFCB6A5442}.Debug|Any CPU.ActiveCfg = Debug|Any CPU
		{92BF9D98-C45D-4845-8D6A-24FFCB6A5442}.Debug|Any CPU.Build.0 = Debug|Any CPU
		{92BF9D98-C45D-4845-8D6A-24FFCB6A5442}.Debug|x64.ActiveCfg = Debug|Any CPU
		{92BF9D98-C45D-4845-8D6A-24FFCB6A5442}.Debug|x64.Build.0 = Debug|Any CPU
		{92BF9D98-C45D-4845-8D6A-24FFCB6A5442}.Debug|x86.ActiveCfg = Debug|Any CPU
		{92BF9D98-C45D-4845-8D6A-24FFCB6A5442}.Debug|x86.Build.0 = Debug|Any CPU
		{92BF9D98-C45D-4845-8D6A-24FFCB6A5442}.Release|Any CPU.ActiveCfg = Release|Any CPU
		{92BF9D98-C45D-4845-8D6A-24FFCB6A5442}.Release|Any CPU.Build.0 = Release|Any CPU
		{92BF9D98-C45D-4845-8D6A-24FFCB6A5442}.Release|x64.ActiveCfg = Release|Any CPU
		{92BF9D98-C45D-4845-8D6A-24FFCB6A5442}.Release|x64.Build.0 = Release|Any CPU
		{92BF9D98-C45D-4845-8D6A-24FFCB6A5442}.Release|x86.ActiveCfg = Release|Any CPU
		{92BF9D98-C45D-4845-8D6A-24FFCB6A5442}.Release|x86.Build.0 = Release|Any CPU
	EndGlobalSection
	GlobalSection(SolutionProperties) = preSolution
		HideSolutionNode = FALSE
	EndGlobalSection
	GlobalSection(NestedProjects) = preSolution
		{D5D5AED4-F0E0-45D2-8D86-BF8D381D49D9} = {5C969F89-6338-4534-9851-4B3DD9D8DC72}
		{9E483889-FA68-44A8-9C13-8DBB9B101915} = {D5D5AED4-F0E0-45D2-8D86-BF8D381D49D9}
		{06403A16-4B3C-4BC9-99E0-A09FC8088E07} = {D5D5AED4-F0E0-45D2-8D86-BF8D381D49D9}
		{DF1A1825-56F5-4907-AA19-5091BD66B6D0} = {D5D5AED4-F0E0-45D2-8D86-BF8D381D49D9}
		{DD5715CC-87BE-4A47-9D25-695F8F3A761F} = {D5D5AED4-F0E0-45D2-8D86-BF8D381D49D9}
		{13CCCF3B-C070-6595-1E05-328E3340D2A5} = {5A966B69-B440-4FDD-A5D6-A1F83A5B1C72}
		{282FB029-7C37-4627-B539-9C15DFF86449} = {5A966B69-B440-4FDD-A5D6-A1F83A5B1C72}
		{494C6CAF-43AD-477E-8843-B708D4294B3E} = {AC189C61-ED9A-4CE4-BAB9-4D55C0B3050F}
		{16AABCBA-FF20-4515-AC6E-ABBB4D838D2B} = {AC189C61-ED9A-4CE4-BAB9-4D55C0B3050F}
		{14BDFC85-AF35-49C2-9FC8-C1FD40E41651} = {AC189C61-ED9A-4CE4-BAB9-4D55C0B3050F}
		{3406F7BC-21CB-4A06-BF58-BB8C52194D62} = {AC189C61-ED9A-4CE4-BAB9-4D55C0B3050F}
		{E54A79EA-A13D-0525-E2C9-C5E2AC6B1EF6} = {DF722295-6346-43DE-B350-B1747B320231}
		{8522AF4C-45AC-592B-4882-DCB08837AC35} = {DF722295-6346-43DE-B350-B1747B320231}
		{740FA350-CC04-49F7-AC67-BF6DB0879AFA} = {FCA01246-F2C6-0AA7-D43F-FD13BE0B9D88}
		{394A81D9-3C45-9818-BB26-23F2B85056FF} = {0AB3BF05-4346-4AA6-1389-037BE0695223}
		{F961C69D-A7DC-457F-A33A-3FC6FD73C5DF} = {394A81D9-3C45-9818-BB26-23F2B85056FF}
		{5F36AB97-8040-4715-B20D-6103A84C1B29} = {394A81D9-3C45-9818-BB26-23F2B85056FF}
		{0A14ABB1-78C0-479B-B217-E04DAB8C185F} = {394A81D9-3C45-9818-BB26-23F2B85056FF}
		{587930FD-F6A3-4AA2-9071-3805C0FA0F34} = {394A81D9-3C45-9818-BB26-23F2B85056FF}
		{E3BE22FF-C5C4-4A96-A466-660BAE5DA11D} = {394A81D9-3C45-9818-BB26-23F2B85056FF}
		{53DA8633-275D-4C96-BF7A-02D1B7CD02AF} = {394A81D9-3C45-9818-BB26-23F2B85056FF}
		{30785934-E017-5D9F-2777-3D61460A5281} = {0AB3BF05-4346-4AA6-1389-037BE0695223}
		{E4CFA8E9-9285-42BB-A98C-9DCDD83AD51D} = {30785934-E017-5D9F-2777-3D61460A5281}
		{6628E74D-3D09-425D-BF0B-4CE046B884BE} = {30785934-E017-5D9F-2777-3D61460A5281}
		{8AD23086-AE11-148E-B2B6-9F0F94287E0D} = {0AB3BF05-4346-4AA6-1389-037BE0695223}
		{92BF9D98-C45D-4845-8D6A-24FFCB6A5442} = {8AD23086-AE11-148E-B2B6-9F0F94287E0D}
	EndGlobalSection
	GlobalSection(ExtensibilityGlobals) = postSolution
		SolutionGuid = {B3E301C8-7E7F-4D39-A092-A5061E08A60A}
	EndGlobalSection
EndGlobal
